github.com/elastic/go-elasticsearch v0.0.0 h1:Pd5fqOuBxKxv83b0+xOAJDAkziWYwFinWnBO0y+TZaA=
github.com/elastic/go-elasticsearch/v6 v6.8.5 h1:U2HtkBseC1FNBmDr0TR2tKltL6FxoY+niDAlj5M8TK8=
github.com/elastic/go-elasticsearch/v6 v6.8.5/go.mod h1:UwaDJsD3rWLM5rKNFzv9hgox93HoX8utj1kxD9aFUcI=
github.com/elastic/go-elasticsearch/v7 v7.5.0 h1:kXW+EKls2BwsyQujTmVrxANb3U0qoz9wEq8Zkf/JEco=
github.com/elastic/go-elasticsearch/v7 v7.5.0/go.mod h1:OJ4wdbtDNk5g503kvlHLyErCgQwwzmDtaFC4XyOxXA4=
